// !$*UTF8*$!
{
	archiveVersion = 1;
	classes = {
	};
	objectVersion = 46;
	objects = {

/* Begin PBXBuildFile section */
		205417E92998F87100E3D58A /* NotificationCenter.framework in Frameworks */ = {isa = PBXBuildFile; fileRef = E01BB40B1A891C3F00F33C39 /* NotificationCenter.framework */; };
		207BF38E2998E6E7002873EE /* AppExtensionCommunicator.framework in Frameworks */ = {isa = PBXBuildFile; fileRef = E001CA8B1A89268B00F70556 /* AppExtensionCommunicator.framework */; };
		207BF38F2998E6E7002873EE /* AppExtensionCommunicator.framework in Embed Frameworks */ = {isa = PBXBuildFile; fileRef = E001CA8B1A89268B00F70556 /* AppExtensionCommunicator.framework */; settings = {ATTRIBUTES = (CodeSignOnCopy, RemoveHeadersOnCopy, ); }; };
		207BF3912998E6EA002873EE /* TodayWidget.appex in Embed Foundation Extensions */ = {isa = PBXBuildFile; fileRef = E01BB4091A891C3F00F33C39 /* TodayWidget.appex */; settings = {ATTRIBUTES = (RemoveHeadersOnCopy, ); }; };
		207BF3972998ECBD002873EE /* AppExtensionCommunicator.framework in Frameworks */ = {isa = PBXBuildFile; fileRef = E001CA8B1A89268B00F70556 /* AppExtensionCommunicator.framework */; };
		207BF3982998ECBD002873EE /* AppExtensionCommunicator.framework in Embed Frameworks */ = {isa = PBXBuildFile; fileRef = E001CA8B1A89268B00F70556 /* AppExtensionCommunicator.framework */; settings = {ATTRIBUTES = (CodeSignOnCopy, RemoveHeadersOnCopy, ); }; };
		E01BB3D41A89188100F33C39 /* AppDelegate.swift in Sources */ = {isa = PBXBuildFile; fileRef = E01BB3D31A89188100F33C39 /* AppDelegate.swift */; };
		E01BB3D61A89188100F33C39 /* ViewController.swift in Sources */ = {isa = PBXBuildFile; fileRef = E01BB3D51A89188100F33C39 /* ViewController.swift */; };
		E01BB3DB1A89188100F33C39 /* Images.xcassets in Resources */ = {isa = PBXBuildFile; fileRef = E01BB3DA1A89188100F33C39 /* Images.xcassets */; };
		E01BB3DE1A89188100F33C39 /* LaunchScreen.xib in Resources */ = {isa = PBXBuildFile; fileRef = E01BB3DC1A89188100F33C39 /* LaunchScreen.xib */; };
		E01BB4111A891C3F00F33C39 /* TodayViewController.swift in Sources */ = {isa = PBXBuildFile; fileRef = E01BB4101A891C3F00F33C39 /* TodayViewController.swift */; };
/* End PBXBuildFile section */

/* Begin PBXContainerItemProxy section */
		207BF3922998E6EA002873EE /* PBXContainerItemProxy */ = {
			isa = PBXContainerItemProxy;
			containerPortal = E01BB3C61A89188100F33C39 /* Project object */;
			proxyType = 1;
			remoteGlobalIDString = E01BB4081A891C3F00F33C39;
			remoteInfo = TodayWidget;
		};
		E001CA8A1A89268B00F70556 /* PBXContainerItemProxy */ = {
			isa = PBXContainerItemProxy;
			containerPortal = E001CA861A89268B00F70556 /* AppExtensionCommunicator.xcodeproj */;
			proxyType = 2;
			remoteGlobalIDString = E01BB3981A890AA300F33C39;
			remoteInfo = AppExtensionCommunicator;
		};
/* End PBXContainerItemProxy section */

/* Begin PBXCopyFilesBuildPhase section */
		207BF3902998E6E7002873EE /* Embed Frameworks */ = {
			isa = PBXCopyFilesBuildPhase;
			buildActionMask = 2147483647;
			dstPath = "";
			dstSubfolderSpec = 10;
			files = (
				207BF38F2998E6E7002873EE /* AppExtensionCommunicator.framework in Embed Frameworks */,
			);
			name = "Embed Frameworks";
			runOnlyForDeploymentPostprocessing = 0;
		};
		207BF3942998E6EA002873EE /* Embed Foundation Extensions */ = {
			isa = PBXCopyFilesBuildPhase;
			buildActionMask = 2147483647;
			dstPath = "";
			dstSubfolderSpec = 13;
			files = (
				207BF3912998E6EA002873EE /* TodayWidget.appex in Embed Foundation Extensions */,
			);
			name = "Embed Foundation Extensions";
			runOnlyForDeploymentPostprocessing = 0;
		};
		207BF3992998ECBD002873EE /* Embed Frameworks */ = {
			isa = PBXCopyFilesBuildPhase;
			buildActionMask = 2147483647;
			dstPath = "";
			dstSubfolderSpec = 10;
			files = (
				207BF3982998ECBD002873EE /* AppExtensionCommunicator.framework in Embed Frameworks */,
			);
			name = "Embed Frameworks";
			runOnlyForDeploymentPostprocessing = 0;
		};
/* End PBXCopyFilesBuildPhase section */

/* Begin PBXFileReference section */
		E001CA801A89258A00F70556 /* AppExtensionCommunicator.framework */ = {isa = PBXFileReference; lastKnownFileType = wrapper.framework; name = AppExtensionCommunicator.framework; path = "../build/Debug-iphoneos/AppExtensionCommunicator.framework"; sourceTree = "<group>"; };
		E001CA851A89266E00F70556 /* AppExtensionCommunicator Example.entitlements */ = {isa = PBXFileReference; lastKnownFileType = text.xml; path = "AppExtensionCommunicator Example.entitlements"; sourceTree = "<group>"; };
		E001CA861A89268B00F70556 /* AppExtensionCommunicator.xcodeproj */ = {isa = PBXFileReference; lastKnownFileType = "wrapper.pb-project"; name = AppExtensionCommunicator.xcodeproj; path = ../AppExtensionCommunicator.xcodeproj; sourceTree = "<group>"; };
		E01BB3CE1A89188100F33C39 /* AppExtensionCommunicator Example.app */ = {isa = PBXFileReference; explicitFileType = wrapper.application; includeInIndex = 0; path = "AppExtensionCommunicator Example.app"; sourceTree = BUILT_PRODUCTS_DIR; };
		E01BB3D21A89188100F33C39 /* Info.plist */ = {isa = PBXFileReference; lastKnownFileType = text.plist.xml; path = Info.plist; sourceTree = "<group>"; };
		E01BB3D31A89188100F33C39 /* AppDelegate.swift */ = {isa = PBXFileReference; lastKnownFileType = sourcecode.swift; path = AppDelegate.swift; sourceTree = "<group>"; };
		E01BB3D51A89188100F33C39 /* ViewController.swift */ = {isa = PBXFileReference; lastKnownFileType = sourcecode.swift; path = ViewController.swift; sourceTree = "<group>"; };
		E01BB3DA1A89188100F33C39 /* Images.xcassets */ = {isa = PBXFileReference; lastKnownFileType = folder.assetcatalog; path = Images.xcassets; sourceTree = "<group>"; };
		E01BB3DD1A89188100F33C39 /* Base */ = {isa = PBXFileReference; lastKnownFileType = file.xib; name = Base; path = Base.lproj/LaunchScreen.xib; sourceTree = "<group>"; };
		E01BB4091A891C3F00F33C39 /* TodayWidget.appex */ = {isa = PBXFileReference; explicitFileType = "wrapper.app-extension"; includeInIndex = 0; path = TodayWidget.appex; sourceTree = BUILT_PRODUCTS_DIR; };
		E01BB40B1A891C3F00F33C39 /* NotificationCenter.framework */ = {isa = PBXFileReference; lastKnownFileType = wrapper.framework; name = NotificationCenter.framework; path = System/Library/Frameworks/NotificationCenter.framework; sourceTree = SDKROOT; };
		E01BB40F1A891C3F00F33C39 /* Info.plist */ = {isa = PBXFileReference; lastKnownFileType = text.plist.xml; path = Info.plist; sourceTree = "<group>"; };
		E01BB4101A891C3F00F33C39 /* TodayViewController.swift */ = {isa = PBXFileReference; lastKnownFileType = sourcecode.swift; path = TodayViewController.swift; sourceTree = "<group>"; };
		E01BB41C1A891F9200F33C39 /* TodayWidget.entitlements */ = {isa = PBXFileReference; lastKnownFileType = text.xml; path = TodayWidget.entitlements; sourceTree = "<group>"; };
/* End PBXFileReference section */

/* Begin PBXFrameworksBuildPhase section */
		E01BB3CB1A89188100F33C39 /* Frameworks */ = {
			isa = PBXFrameworksBuildPhase;
			buildActionMask = 2147483647;
			files = (
				207BF38E2998E6E7002873EE /* AppExtensionCommunicator.framework in Frameworks */,
			);
			runOnlyForDeploymentPostprocessing = 0;
		};
		E01BB4061A891C3F00F33C39 /* Frameworks */ = {
			isa = PBXFrameworksBuildPhase;
			buildActionMask = 2147483647;
			files = (
				205417E92998F87100E3D58A /* NotificationCenter.framework in Frameworks */,
				207BF3972998ECBD002873EE /* AppExtensionCommunicator.framework in Frameworks */,
			);
			runOnlyForDeploymentPostprocessing = 0;
		};
/* End PBXFrameworksBuildPhase section */

/* Begin PBXGroup section */
		E001CA871A89268B00F70556 /* Products */ = {
			isa = PBXGroup;
			children = (
				E001CA8B1A89268B00F70556 /* AppExtensionCommunicator.framework */,
			);
			name = Products;
			sourceTree = "<group>";
		};
		E01BB3C51A89188100F33C39 = {
			isa = PBXGroup;
			children = (
				E001CA861A89268B00F70556 /* AppExtensionCommunicator.xcodeproj */,
				E01BB3D01A89188100F33C39 /* Example */,
				E01BB40D1A891C3F00F33C39 /* TodayWidget */,
				E01BB40A1A891C3F00F33C39 /* Frameworks */,
				E01BB3CF1A89188100F33C39 /* Products */,
			);
			sourceTree = "<group>";
		};
		E01BB3CF1A89188100F33C39 /* Products */ = {
			isa = PBXGroup;
			children = (
				E01BB3CE1A89188100F33C39 /* AppExtensionCommunicator Example.app */,
				E01BB4091A891C3F00F33C39 /* TodayWidget.appex */,
			);
			name = Products;
			sourceTree = "<group>";
		};
		E01BB3D01A89188100F33C39 /* Example */ = {
			isa = PBXGroup;
			children = (
				E01BB3D31A89188100F33C39 /* AppDelegate.swift */,
				E01BB3D51A89188100F33C39 /* ViewController.swift */,
				E01BB3D11A89188100F33C39 /* Supporting Files */,
			);
			path = Example;
			sourceTree = "<group>";
		};
		E01BB3D11A89188100F33C39 /* Supporting Files */ = {
			isa = PBXGroup;
			children = (
				E01BB3DC1A89188100F33C39 /* LaunchScreen.xib */,
				E01BB3DA1A89188100F33C39 /* Images.xcassets */,
				E001CA851A89266E00F70556 /* AppExtensionCommunicator Example.entitlements */,
				E01BB3D21A89188100F33C39 /* Info.plist */,
			);
			name = "Supporting Files";
			sourceTree = "<group>";
		};
		E01BB40A1A891C3F00F33C39 /* Frameworks */ = {
			isa = PBXGroup;
			children = (
				E001CA801A89258A00F70556 /* AppExtensionCommunicator.framework */,
				E01BB40B1A891C3F00F33C39 /* NotificationCenter.framework */,
			);
			name = Frameworks;
			sourceTree = "<group>";
		};
		E01BB40D1A891C3F00F33C39 /* TodayWidget */ = {
			isa = PBXGroup;
			children = (
				E01BB4101A891C3F00F33C39 /* TodayViewController.swift */,
				E01BB40E1A891C3F00F33C39 /* Supporting Files */,
			);
			path = TodayWidget;
			sourceTree = "<group>";
		};
		E01BB40E1A891C3F00F33C39 /* Supporting Files */ = {
			isa = PBXGroup;
			children = (
				E01BB41C1A891F9200F33C39 /* TodayWidget.entitlements */,
				E01BB40F1A891C3F00F33C39 /* Info.plist */,
			);
			name = "Supporting Files";
			sourceTree = "<group>";
		};
/* End PBXGroup section */

/* Begin PBXNativeTarget section */
		E01BB3CD1A89188100F33C39 /* AppExtensionCommunicator Example */ = {
			isa = PBXNativeTarget;
			buildConfigurationList = E01BB3ED1A89188100F33C39 /* Build configuration list for PBXNativeTarget "AppExtensionCommunicator Example" */;
			buildPhases = (
				E01BB3CA1A89188100F33C39 /* Sources */,
				E01BB3CB1A89188100F33C39 /* Frameworks */,
				E01BB3CC1A89188100F33C39 /* Resources */,
				207BF3902998E6E7002873EE /* Embed Frameworks */,
				207BF3942998E6EA002873EE /* Embed Foundation Extensions */,
			);
			buildRules = (
			);
			dependencies = (
				207BF3932998E6EA002873EE /* PBXTargetDependency */,
			);
			name = "AppExtensionCommunicator Example";
			productName = Example;
			productReference = E01BB3CE1A89188100F33C39 /* AppExtensionCommunicator Example.app */;
			productType = "com.apple.product-type.application";
		};
		E01BB4081A891C3F00F33C39 /* TodayWidget */ = {
			isa = PBXNativeTarget;
			buildConfigurationList = E01BB4171A891C3F00F33C39 /* Build configuration list for PBXNativeTarget "TodayWidget" */;
			buildPhases = (
				E01BB4051A891C3F00F33C39 /* Sources */,
				E01BB4061A891C3F00F33C39 /* Frameworks */,
				E01BB4071A891C3F00F33C39 /* Resources */,
				207BF3992998ECBD002873EE /* Embed Frameworks */,
			);
			buildRules = (
			);
			dependencies = (
			);
			name = TodayWidget;
			productName = TodayWidget;
			productReference = E01BB4091A891C3F00F33C39 /* TodayWidget.appex */;
			productType = "com.apple.product-type.app-extension";
		};
/* End PBXNativeTarget section */

/* Begin PBXProject section */
		E01BB3C61A89188100F33C39 /* Project object */ = {
			isa = PBXProject;
			attributes = {
				LastUpgradeCheck = 1420;
				ORGANIZATIONNAME = "CHEN Xian’an";
				TargetAttributes = {
					E01BB3CD1A89188100F33C39 = {
						CreatedOnToolsVersion = 6.2;
						DevelopmentTeam = YUAX44CNP6;
						SystemCapabilities = {
							com.apple.ApplicationGroups.iOS = {
								enabled = 1;
							};
						};
					};
					E01BB4081A891C3F00F33C39 = {
						CreatedOnToolsVersion = 6.2;
						DevelopmentTeam = YUAX44CNP6;
						SystemCapabilities = {
							com.apple.ApplicationGroups.iOS = {
								enabled = 1;
							};
						};
					};
				};
			};
			buildConfigurationList = E01BB3C91A89188100F33C39 /* Build configuration list for PBXProject "Example" */;
			compatibilityVersion = "Xcode 3.2";
			developmentRegion = en;
			hasScannedForEncodings = 0;
			knownRegions = (
				en,
				Base,
			);
			mainGroup = E01BB3C51A89188100F33C39;
			productRefGroup = E01BB3CF1A89188100F33C39 /* Products */;
			projectDirPath = "";
			projectReferences = (
				{
					ProductGroup = E001CA871A89268B00F70556 /* Products */;
					ProjectRef = E001CA861A89268B00F70556 /* AppExtensionCommunicator.xcodeproj */;
				},
			);
			projectRoot = "";
			targets = (
				E01BB3CD1A89188100F33C39 /* AppExtensionCommunicator Example */,
				E01BB4081A891C3F00F33C39 /* TodayWidget */,
			);
		};
/* End PBXProject section */

/* Begin PBXReferenceProxy section */
		E001CA8B1A89268B00F70556 /* AppExtensionCommunicator.framework */ = {
			isa = PBXReferenceProxy;
			fileType = wrapper.framework;
			path = AppExtensionCommunicator.framework;
			remoteRef = E001CA8A1A89268B00F70556 /* PBXContainerItemProxy */;
			sourceTree = BUILT_PRODUCTS_DIR;
		};
/* End PBXReferenceProxy section */

/* Begin PBXResourcesBuildPhase section */
		E01BB3CC1A89188100F33C39 /* Resources */ = {
			isa = PBXResourcesBuildPhase;
			buildActionMask = 2147483647;
			files = (
				E01BB3DE1A89188100F33C39 /* LaunchScreen.xib in Resources */,
				E01BB3DB1A89188100F33C39 /* Images.xcassets in Resources */,
			);
			runOnlyForDeploymentPostprocessing = 0;
		};
		E01BB4071A891C3F00F33C39 /* Resources */ = {
			isa = PBXResourcesBuildPhase;
			buildActionMask = 2147483647;
			files = (
			);
			runOnlyForDeploymentPostprocessing = 0;
		};
/* End PBXResourcesBuildPhase section */

/* Begin PBXSourcesBuildPhase section */
		E01BB3CA1A89188100F33C39 /* Sources */ = {
			isa = PBXSourcesBuildPhase;
			buildActionMask = 2147483647;
			files = (
				E01BB3D61A89188100F33C39 /* ViewController.swift in Sources */,
				E01BB3D41A89188100F33C39 /* AppDelegate.swift in Sources */,
			);
			runOnlyForDeploymentPostprocessing = 0;
		};
		E01BB4051A891C3F00F33C39 /* Sources */ = {
			isa = PBXSourcesBuildPhase;
			buildActionMask = 2147483647;
			files = (
				E01BB4111A891C3F00F33C39 /* TodayViewController.swift in Sources */,
			);
			runOnlyForDeploymentPostprocessing = 0;
		};
/* End PBXSourcesBuildPhase section */

/* Begin PBXTargetDependency section */
		207BF3932998E6EA002873EE /* PBXTargetDependency */ = {
			isa = PBXTargetDependency;
			target = E01BB4081A891C3F00F33C39 /* TodayWidget */;
			targetProxy = 207BF3922998E6EA002873EE /* PBXContainerItemProxy */;
		};
/* End PBXTargetDependency section */

/* Begin PBXVariantGroup section */
		E01BB3DC1A89188100F33C39 /* LaunchScreen.xib */ = {
			isa = PBXVariantGroup;
			children = (
				E01BB3DD1A89188100F33C39 /* Base */,
			);
			name = LaunchScreen.xib;
			sourceTree = "<group>";
		};
/* End PBXVariantGroup section */

/* Begin XCBuildConfiguration section */
		E01BB3EB1A89188100F33C39 /* Debug */ = {
			isa = XCBuildConfiguration;
			buildSettings = {
				ALWAYS_SEARCH_USER_PATHS = NO;
				CLANG_CXX_LANGUAGE_STANDARD = "gnu++0x";
				CLANG_CXX_LIBRARY = "libc++";
				CLANG_ENABLE_MODULES = YES;
				CLANG_ENABLE_OBJC_ARC = YES;
				CLANG_WARN_BLOCK_CAPTURE_AUTORELEASING = YES;
				CLANG_WARN_BOOL_CONVERSION = YES;
				CLANG_WARN_COMMA = YES;
				CLANG_WARN_CONSTANT_CONVERSION = YES;
				CLANG_WARN_DEPRECATED_OBJC_IMPLEMENTATIONS = YES;
				CLANG_WARN_DIRECT_OBJC_ISA_USAGE = YES_ERROR;
				CLANG_WARN_EMPTY_BODY = YES;
				CLANG_WARN_ENUM_CONVERSION = YES;
				CLANG_WARN_INFINITE_RECURSION = YES;
				CLANG_WARN_INT_CONVERSION = YES;
				CLANG_WARN_NON_LITERAL_NULL_CONVERSION = YES;
				CLANG_WARN_OBJC_IMPLICIT_RETAIN_SELF = YES;
				CLANG_WARN_OBJC_LITERAL_CONVERSION = YES;
				CLANG_WARN_OBJC_ROOT_CLASS = YES_ERROR;
				CLANG_WARN_QUOTED_INCLUDE_IN_FRAMEWORK_HEADER = YES;
				CLANG_WARN_RANGE_LOOP_ANALYSIS = YES;
				CLANG_WARN_STRICT_PROTOTYPES = YES;
				CLANG_WARN_SUSPICIOUS_MOVE = YES;
				CLANG_WARN_UNREACHABLE_CODE = YES;
				CLANG_WARN__DUPLICATE_METHOD_MATCH = YES;
				"CODE_SIGN_IDENTITY[sdk=iphoneos*]" = "iPhone Developer";
				COPY_PHASE_STRIP = NO;
				ENABLE_STRICT_OBJC_MSGSEND = YES;
				ENABLE_TESTABILITY = YES;
				GCC_C_LANGUAGE_STANDARD = gnu99;
				GCC_DYNAMIC_NO_PIC = NO;
				GCC_NO_COMMON_BLOCKS = YES;
				GCC_OPTIMIZATION_LEVEL = 0;
				GCC_PREPROCESSOR_DEFINITIONS = (
					"DEBUG=1",
					"$(inherited)",
				);
				GCC_SYMBOLS_PRIVATE_EXTERN = NO;
				GCC_WARN_64_TO_32_BIT_CONVERSION = YES;
				GCC_WARN_ABOUT_RETURN_TYPE = YES_ERROR;
				GCC_WARN_UNDECLARED_SELECTOR = YES;
				GCC_WARN_UNINITIALIZED_AUTOS = YES_AGGRESSIVE;
				GCC_WARN_UNUSED_FUNCTION = YES;
				GCC_WARN_UNUSED_VARIABLE = YES;
				IPHONEOS_DEPLOYMENT_TARGET = 12.0;
				MTL_ENABLE_DEBUG_INFO = YES;
				ONLY_ACTIVE_ARCH = YES;
				SDKROOT = iphoneos;
				SWIFT_OPTIMIZATION_LEVEL = "-Onone";
				TARGETED_DEVICE_FAMILY = "1,2";
			};
			name = Debug;
		};
		E01BB3EC1A89188100F33C39 /* Release */ = {
			isa = XCBuildConfiguration;
			buildSettings = {
				ALWAYS_SEARCH_USER_PATHS = NO;
				CLANG_CXX_LANGUAGE_STANDARD = "gnu++0x";
				CLANG_CXX_LIBRARY = "libc++";
				CLANG_ENABLE_MODULES = YES;
				CLANG_ENABLE_OBJC_ARC = YES;
				CLANG_WARN_BLOCK_CAPTURE_AUTORELEASING = YES;
				CLANG_WARN_BOOL_CONVERSION = YES;
				CLANG_WARN_COMMA = YES;
				CLANG_WARN_CONSTANT_CONVERSION = YES;
				CLANG_WARN_DEPRECATED_OBJC_IMPLEMENTATIONS = YES;
				CLANG_WARN_DIRECT_OBJC_ISA_USAGE = YES_ERROR;
				CLANG_WARN_EMPTY_BODY = YES;
				CLANG_WARN_ENUM_CONVERSION = YES;
				CLANG_WARN_INFINITE_RECURSION = YES;
				CLANG_WARN_INT_CONVERSION = YES;
				CLANG_WARN_NON_LITERAL_NULL_CONVERSION = YES;
				CLANG_WARN_OBJC_IMPLICIT_RETAIN_SELF = YES;
				CLANG_WARN_OBJC_LITERAL_CONVERSION = YES;
				CLANG_WARN_OBJC_ROOT_CLASS = YES_ERROR;
				CLANG_WARN_QUOTED_INCLUDE_IN_FRAMEWORK_HEADER = YES;
				CLANG_WARN_RANGE_LOOP_ANALYSIS = YES;
				CLANG_WARN_STRICT_PROTOTYPES = YES;
				CLANG_WARN_SUSPICIOUS_MOVE = YES;
				CLANG_WARN_UNREACHABLE_CODE = YES;
				CLANG_WARN__DUPLICATE_METHOD_MATCH = YES;
				"CODE_SIGN_IDENTITY[sdk=iphoneos*]" = "iPhone Developer";
				COPY_PHASE_STRIP = NO;
				ENABLE_NS_ASSERTIONS = NO;
				ENABLE_STRICT_OBJC_MSGSEND = YES;
				GCC_C_LANGUAGE_STANDARD = gnu99;
				GCC_NO_COMMON_BLOCKS = YES;
				GCC_WARN_64_TO_32_BIT_CONVERSION = YES;
				GCC_WARN_ABOUT_RETURN_TYPE = YES_ERROR;
				GCC_WARN_UNDECLARED_SELECTOR = YES;
				GCC_WARN_UNINITIALIZED_AUTOS = YES_AGGRESSIVE;
				GCC_WARN_UNUSED_FUNCTION = YES;
				GCC_WARN_UNUSED_VARIABLE = YES;
				IPHONEOS_DEPLOYMENT_TARGET = 12.0;
				MTL_ENABLE_DEBUG_INFO = NO;
				SDKROOT = iphoneos;
				SWIFT_COMPILATION_MODE = wholemodule;
				TARGETED_DEVICE_FAMILY = "1,2";
				VALIDATE_PRODUCT = YES;
			};
			name = Release;
		};
		E01BB3EE1A89188100F33C39 /* Debug */ = {
			isa = XCBuildConfiguration;
			buildSettings = {
				APPLICATION_EXTENSION_API_ONLY = NO;
				ASSETCATALOG_COMPILER_APPICON_NAME = AppIcon;
				CODE_SIGN_ENTITLEMENTS = "Example/AppExtensionCommunicator Example.entitlements";
				CODE_SIGN_IDENTITY = "iPhone Developer";
				DEVELOPMENT_TEAM = YUAX44CNP6;
				FRAMEWORK_SEARCH_PATHS = "$(inherited)";
				INFOPLIST_FILE = Example/Info.plist;
				IPHONEOS_DEPLOYMENT_TARGET = 13.0;
				LD_RUNPATH_SEARCH_PATHS = "$(inherited) @executable_path/Frameworks";
				PRODUCT_BUNDLE_IDENTIFIER = com.lazyapps.AppExtensionCommunicatorExample;
				PRODUCT_NAME = "$(TARGET_NAME)";
				PROVISIONING_PROFILE = "";
				SWIFT_VERSION = 5.0;
			};
			name = Debug;
		};
		E01BB3EF1A89188100F33C39 /* Release */ = {
			isa = XCBuildConfiguration;
			buildSettings = {
				APPLICATION_EXTENSION_API_ONLY = NO;
				ASSETCATALOG_COMPILER_APPICON_NAME = AppIcon;
				CODE_SIGN_ENTITLEMENTS = "Example/AppExtensionCommunicator Example.entitlements";
				CODE_SIGN_IDENTITY = "Apple Development";
				CODE_SIGN_STYLE = Automatic;
				DEVELOPMENT_TEAM = YUAX44CNP6;
				FRAMEWORK_SEARCH_PATHS = "$(inherited)";
				INFOPLIST_FILE = Example/Info.plist;
				IPHONEOS_DEPLOYMENT_TARGET = 13.0;
				LD_RUNPATH_SEARCH_PATHS = "$(inherited) @executable_path/Frameworks";
				PRODUCT_BUNDLE_IDENTIFIER = com.lazyapps.AppExtensionCommunicatorExample;
				PRODUCT_NAME = "$(TARGET_NAME)";
				PROVISIONING_PROFILE = "";
				PROVISIONING_PROFILE_SPECIFIER = "";
				SWIFT_VERSION = 5.0;
			};
			name = Release;
		};
		E01BB4181A891C3F00F33C39 /* Debug */ = {
			isa = XCBuildConfiguration;
			buildSettings = {
				APPLICATION_EXTENSION_API_ONLY = YES;
				CODE_SIGN_ENTITLEMENTS = TodayWidget/TodayWidget.entitlements;
				CODE_SIGN_IDENTITY = "iPhone Developer";
				DEVELOPMENT_TEAM = YUAX44CNP6;
				GCC_PREPROCESSOR_DEFINITIONS = (
					"DEBUG=1",
					"$(inherited)",
				);
				INFOPLIST_FILE = TodayWidget/Info.plist;
				IPHONEOS_DEPLOYMENT_TARGET = 13.0;
				LD_RUNPATH_SEARCH_PATHS = "$(inherited) @executable_path/Frameworks @executable_path/../../Frameworks";
				PRODUCT_BUNDLE_IDENTIFIER = com.lazyapps.AppExtensionCommunicatorExample.TodayWidget;
				PRODUCT_NAME = "$(TARGET_NAME)";
				PROVISIONING_PROFILE = "";
				SKIP_INSTALL = YES;
				SWIFT_VERSION = 5.0;
			};
			name = Debug;
		};
		E01BB4191A891C3F00F33C39 /* Release */ = {
			isa = XCBuildConfiguration;
			buildSettings = {
				APPLICATION_EXTENSION_API_ONLY = YES;
				CODE_SIGN_ENTITLEMENTS = TodayWidget/TodayWidget.entitlements;
				CODE_SIGN_IDENTITY = "Apple Development";
				CODE_SIGN_STYLE = Automatic;
				DEVELOPMENT_TEAM = YUAX44CNP6;
				INFOPLIST_FILE = TodayWidget/Info.plist;
				IPHONEOS_DEPLOYMENT_TARGET = 13.0;
				LD_RUNPATH_SEARCH_PATHS = "$(inherited) @executable_path/Frameworks @executable_path/../../Frameworks";
				PRODUCT_BUNDLE_IDENTIFIER = com.lazyapps.AppExtensionCommunicatorExample.TodayWidget;
				PRODUCT_NAME = "$(TARGET_NAME)";
				PROVISIONING_PROFILE = "";
				PROVISIONING_PROFILE_SPECIFIER = "";
				SKIP_INSTALL = YES;
				SWIFT_VERSION = 5.0;
			};
			name = Release;
		};
/* End XCBuildConfiguration section */

/* Begin XCConfigurationList section */
		E01BB3C91A89188100F33C39 /* Build configuration list for PBXProject "Example" */ = {
			isa = XCConfigurationList;
			buildConfigurations = (
				E01BB3EB1A89188100F33C39 /* Debug */,
				E01BB3EC1A89188100F33C39 /* Release */,
			);
			defaultConfigurationIsVisible = 0;
			defaultConfigurationName = Release;
		};
		E01BB3ED1A89188100F33C39 /* Build configuration list for PBXNativeTarget "AppExtensionCommunicator Example" */ = {
			isa = XCConfigurationList;
			buildConfigurations = (
				E01BB3EE1A89188100F33C39 /* Debug */,
				E01BB3EF1A89188100F33C39 /* Release */,
			);
			defaultConfigurationIsVisible = 0;
			defaultConfigurationName = Release;
		};
		E01BB4171A891C3F00F33C39 /* Build configuration list for PBXNativeTarget "TodayWidget" */ = {
			isa = XCConfigurationList;
			buildConfigurations = (
				E01BB4181A891C3F00F33C39 /* Debug */,
				E01BB4191A891C3F00F33C39 /* Release */,
			);
			defaultConfigurationIsVisible = 0;
			defaultConfigurationName = Release;
		};
/* End XCConfigurationList section */
	};
	rootObject = E01BB3C61A89188100F33C39 /* Project object */;
}
